
Microsoft Visual Studio Solution File, Format Version 12.00
Project("{FAE04EC0-301F-11D3-BF4B-00C04F79EFBC}") = "Avia-Hoffelner-Price-Api", "Avia-Hoffelner-Price-Api.csproj", "{E3E464A5-DC18-4900-A859-B4E548F1DCC9}"
EndProject
Global
	GlobalSection(SolutionConfigurationPlatforms) = preSolution
		Debug|Any CPU = Debug|Any CPU
		Release|Any CPU = Release|Any CPU
	EndGlobalSection
	GlobalSection(ProjectConfigurationPlatforms) = postSolution
		{E3E464A5-DC18-4900-A859-B4E548F1DCC9}.Debug|Any CPU.ActiveCfg = Debug|Any CPU
		{E3E464A5-DC18-4900-A859-B4E548F1DCC9}.Debug|Any CPU.Build.0 = Debug|Any CPU
		{E3E464A5-DC18-4900-A859-B4E548F1DCC9}.Release|Any CPU.ActiveCfg = Release|Any CPU
		{E3E464A5-DC18-4900-A859-B4E548F1DCC9}.Release|Any CPU.Build.0 = Release|Any CPU
	EndGlobalSection
EndGlobal
